speakeasyVersion: 1.330.0
sources:
    dub:
        sourceNamespace: dub
        sourceRevisionDigest: sha256:38ae0d08add38e7851989e556c22b092820ca3e1b7c19a99d1fd9f2cded8f520
        sourceBlobDigest: sha256:83f8bad9764bba9122933cad754f7b32ce0cd3db602ab00b94d8ab572f19a945
        tags:
            - latest
            - main
targets:
    my-first-target:
        source: dub
        sourceNamespace: dub
        sourceRevisionDigest: sha256:38ae0d08add38e7851989e556c22b092820ca3e1b7c19a99d1fd9f2cded8f520
        sourceBlobDigest: sha256:83f8bad9764bba9122933cad754f7b32ce0cd3db602ab00b94d8ab572f19a945
        codeSamplesNamespace: code-samples-ruby-my-first-target
        codeSamplesRevisionDigest: sha256:85b27c1095d05bc25c52a4b2047a1cbd8ff5f310fd687eea447e011aae99e15d
        outLocation: /github/workspace/repo
workflow:
    workflowVersion: 1.0.0
    speakeasyVersion: latest
    sources:
        dub:
            inputs:
                - location: https://api.dub.co
            registry:
                location: registry.speakeasyapi.dev/dub/dub/dub
    targets:
        my-first-target:
            target: ruby
            source: dub
            publish:
                rubygems:
                    token: $rubygems_auth_token
            codeSamples:
                output: codeSamples.yaml
                registry:
                    location: registry.speakeasyapi.dev/dub/dub/code-samples-ruby-my-first-target
